
Microsoft Visual Studio Solution File, Format Version 12.00
# Visual Studio Version 16
VisualStudioVersion = 16.0.32930.78
MinimumVisualStudioVersion = 10.0.40219.1
Project("{2150E333-8FDC-42A3-9474-1A3956D46DE8}") = "EShop", "EShop", "{7B3FEF98-A317-4713-AED8-7201AFE8F120}"
EndProject
Project("{FAE04EC0-301F-11D3-BF4B-00C04F79EFBC}") = "EShop.Web", "EShop\EShop.Web\EShop.Web.csproj", "{0BCB6A3F-CE88-47D2-A6EE-7801FD6AFAE0}"
EndProject
Global
	GlobalSection(SolutionConfigurationPlatforms) = preSolution
		Debug|Any CPU = Debug|Any CPU
		Release|Any CPU = Release|Any CPU
	EndGlobalSection
	GlobalSection(ProjectConfigurationPlatforms) = postSolution
		{0BCB6A3F-CE88-47D2-A6EE-7801FD6AFAE0}.Debug|Any CPU.ActiveCfg = Debug|Any CPU
		{0BCB6A3F-CE88-47D2-A6EE-7801FD6AFAE0}.Debug|Any CPU.Build.0 = Debug|Any CPU
		{0BCB6A3F-CE88-47D2-A6EE-7801FD6AFAE0}.Release|Any CPU.ActiveCfg = Release|Any CPU
		{0BCB6A3F-CE88-47D2-A6EE-7801FD6AFAE0}.Release|Any CPU.Build.0 = Release|Any CPU
	EndGlobalSection
	GlobalSection(SolutionProperties) = preSolution
		HideSolutionNode = FALSE
	EndGlobalSection
	GlobalSection(NestedProjects) = preSolution
		{0BCB6A3F-CE88-47D2-A6EE-7801FD6AFAE0} = {7B3FEF98-A317-4713-AED8-7201AFE8F120}
	EndGlobalSection
	GlobalSection(ExtensibilityGlobals) = postSolution
		SolutionGuid = {05BCFB48-5411-4255-BFE0-E5913D77E219}
	EndGlobalSection
EndGlobal
